{
  "name": "multiwebview",
  "version": "0.0.0",
  "lockfileVersion": 3,
  "requires": true,
  "packages": {
    "": {
      "name": "multiwebview",
      "version": "0.0.0",
      "devDependencies": {
        "@tauri-apps/cli": "^2.0.0-beta.0"
      }
    },
    "node_modules/@tauri-apps/cli": {
      "version": "2.0.0-beta.2",
      "resolved": "https://registry.npmjs.org/@tauri-apps/cli/-/cli-2.0.0-beta.2.tgz",
      "integrity": "sha512-sc5fz1MEqncn8trOaUGn9DeZy7ND3QnGEb3lCPgghjifzceN/UZe69fDUN1N24iJxOhKs5Y2UI1uYK5em8GOGQ==",
      "dev": true,
      "bin": {
        "tauri": "tauri.js"
      },
      "engines": {
        "node": ">= 10"
      },
      "funding": {
        "type": "opencollective",
        "url": "https://opencollective.com/tauri"
      },
      "optionalDependencies": {
        "@tauri-apps/cli-darwin-arm64": "2.0.0-beta.2",
        "@tauri-apps/cli-darwin-x64": "2.0.0-beta.2",
        "@tauri-apps/cli-linux-arm-gnueabihf": "2.0.0-beta.2",
        "@tauri-apps/cli-linux-arm64-gnu": "2.0.0-beta.2",
        "@tauri-apps/cli-linux-arm64-musl": "2.0.0-beta.2",
        "@tauri-apps/cli-linux-x64-gnu": "2.0.0-beta.2",
        "@tauri-apps/cli-linux-x64-musl": "2.0.0-beta.2",
        "@tauri-apps/cli-win32-arm64-msvc": "2.0.0-beta.2",
        "@tauri-apps/cli-win32-ia32-msvc": "2.0.0-beta.2",
        "@tauri-apps/cli-win32-x64-msvc": "2.0.0-beta.2"
      }
    },
    "node_modules/@tauri-apps/cli-darwin-arm64": {
      "version": "2.0.0-beta.2",
      "resolved": "https://registry.npmjs.org/@tauri-apps/cli-darwin-arm64/-/cli-darwin-arm64-2.0.0-beta.2.tgz",
      "integrity": "sha512-bAchrSNhFlj1U1rBZ3WJYQU5urN9bpaHlSW8UnTEkkDK0bwcLQyf+AYtRFCy8mWHq6n1RhXxVa6nbTg4DZl7RA==",
      "cpu": [
        "arm64"
      ],
      "dev": true,
      "optional": true,
      "os": [
        "darwin"
      ],
      "engines": {
        "node": ">= 10"
      }
    },
    "node_modules/@tauri-apps/cli-darwin-x64": {
      "version": "2.0.0-beta.2",
      "resolved": "https://registry.npmjs.org/@tauri-apps/cli-darwin-x64/-/cli-darwin-x64-2.0.0-beta.2.tgz",
      "integrity": "sha512-29Zn0GXIID1fQ8PjVBjQ/X1Ho3HcVF7a6BPYRBe1zEUfTKyrKFtHP/RD0tROw+iMh17dl3Li23aV9CCQuhfW5Q==",
      "cpu": [
        "x64"
      ],
      "dev": true,
      "optional": true,
      "os": [
        "darwin"
      ],
      "engines": {
        "node": ">= 10"
      }
    },
    "node_modules/@tauri-apps/cli-linux-arm-gnueabihf": {
      "version": "2.0.0-beta.2",
      "resolved": "https://registry.npmjs.org/@tauri-apps/cli-linux-arm-gnueabihf/-/cli-linux-arm-gnueabihf-2.0.0-beta.2.tgz",
      "integrity": "sha512-o5esvaBOn7Wr/tQz9HY9CrjeIT7/3bGO3reJk9MUOU6VpwOElGlM7bl7U2I2z1EmZn7GUa7yG2E+p7CMDV9a3w==",
      "cpu": [
        "arm"
      ],
      "dev": true,
      "optional": true,
      "os": [
        "linux"
      ],
      "engines": {
        "node": ">= 10"
      }
    },
    "node_modules/@tauri-apps/cli-linux-arm64-gnu": {
      "version": "2.0.0-beta.2",
      "resolved": "https://registry.npmjs.org/@tauri-apps/cli-linux-arm64-gnu/-/cli-linux-arm64-gnu-2.0.0-beta.2.tgz",
      "integrity": "sha512-YIA9OZ9+Mf3LW1iQZveUeMySvM3jgf5b0a1MUawYCcuhUJ/FFGaDiia4Z6hOO+p1d8DsswEelzzKyvlBiBJYGA==",
      "cpu": [
        "arm64"
      ],
      "dev": true,
      "optional": true,
      "os": [
        "linux"
      ],
      "engines": {
        "node": ">= 10"
      }
    },
    "node_modules/@tauri-apps/cli-linux-arm64-musl": {
      "version": "2.0.0-beta.2",
      "resolved": "https://registry.npmjs.org/@tauri-apps/cli-linux-arm64-musl/-/cli-linux-arm64-musl-2.0.0-beta.2.tgz",
      "integrity": "sha512-UNminCTRybPkb9BNyAPo8v4bJ45q9anaIisw7PfGXeuDeHMc2W/fjLlQXipsijMvQ7lakUAjO3ttEM6ctOYJiQ==",
      "cpu": [
        "arm64"
      ],
      "dev": true,
      "optional": true,
      "os": [
        "linux"
      ],
      "engines": {
        "node": ">= 10"
      }
    },
    "node_modules/@tauri-apps/cli-linux-x64-gnu": {
      "version": "2.0.0-beta.2",
      "resolved": "https://registry.npmjs.org/@tauri-apps/cli-linux-x64-gnu/-/cli-linux-x64-gnu-2.0.0-beta.2.tgz",
      "integrity": "sha512-o0eStDWpKkPdEsbbn98kiA/lOo4vBXnjFrov16lq88h2OThJS7idhSUqBRgqYpsIENMrvjtPJLutBkF9fuTOsw==",
      "cpu": [
        "x64"
      ],
      "dev": true,
      "optional": true,
      "os": [
        "linux"
      ],
      "engines": {
        "node": ">= 10"
      }
    },
    "node_modules/@tauri-apps/cli-linux-x64-musl": {
      "version": "2.0.0-beta.2",
      "resolved": "https://registry.npmjs.org/@tauri-apps/cli-linux-x64-musl/-/cli-linux-x64-musl-2.0.0-beta.2.tgz",
      "integrity": "sha512-zUhyeIBqIQJ9oy04kNffz7QxxXw32/0l+EEPCwFfhhCQq7y6k34G/br/yjHXXYdNytNn4kYcjwjzXnohUYTu3w==",
      "cpu": [
        "x64"
      ],
      "dev": true,
      "optional": true,
      "os": [
        "linux"
      ],
      "engines": {
        "node": ">= 10"
      }
    },
    "node_modules/@tauri-apps/cli-win32-arm64-msvc": {
      "version": "2.0.0-beta.2",
      "resolved": "https://registry.npmjs.org/@tauri-apps/cli-win32-arm64-msvc/-/cli-win32-arm64-msvc-2.0.0-beta.2.tgz",
      "integrity": "sha512-YIq7LsgSeUgSbwVDbwZBHzM9/gxWlcIxwMTgmwfSCszZmrzFfxP7JgzVG0VnK1N8UYymunWd9WIX9uUT3XhetQ==",
      "cpu": [
        "arm64"
      ],
      "dev": true,
      "optional": true,
      "os": [
        "win32"
      ],
      "engines": {
        "node": ">= 10"
      }
    },
    "node_modules/@tauri-apps/cli-win32-ia32-msvc": {
      "version": "2.0.0-beta.2",
      "resolved": "https://registry.npmjs.org/@tauri-apps/cli-win32-ia32-msvc/-/cli-win32-ia32-msvc-2.0.0-beta.2.tgz",
      "integrity": "sha512-i2p7OS4R9Tq0EQbjU8VldWNLPXuzbWCsDJe78/pCU0nV1OTjjxXv0tzR8d5R2VElC8eOMGnfZr7mRMrKGcZoHQ==",
      "cpu": [
        "ia32"
      ],
      "dev": true,
      "optional": true,
      "os": [
        "win32"
      ],
      "engines": {
        "node": ">= 10"
      }
    },
    "node_modules/@tauri-apps/cli-win32-x64-msvc": {
      "version": "2.0.0-beta.2",
      "resolved": "https://registry.npmjs.org/@tauri-apps/cli-win32-x64-msvc/-/cli-win32-x64-msvc-2.0.0-beta.2.tgz",
      "integrity": "sha512-5FYOA/u4xyj1Q/NKvFEEywPsUwBeLEarN/08+5JIjk7xmEIPylaxYxFnfSH0QZiLBDZAFbGIAWt0MRi97eNN5A==",
      "cpu": [
        "x64"
      ],
      "dev": true,
      "optional": true,
      "os": [
        "win32"
      ],
      "engines": {
        "node": ">= 10"
      }
    }
  }
}
